// !$*UTF8*$!
{
	archiveVersion = 1;
	classes = {
	};
	objectVersion = 73;
	objects = {

/* Begin PBXBuildFile section */
		DCF2DFB22A26A9980084FE9B /* PoGoStringsApp.swift in Sources */ = {isa = PBXBuildFile; fileRef = DCF2DFB12A26A9980084FE9B /* PoGoStringsApp.swift */; };
		DCF2DFB42A26A9980084FE9B /* ContentView.swift in Sources */ = {isa = PBXBuildFile; fileRef = DCF2DFB32A26A9980084FE9B /* ContentView.swift */; };
		DCF2DFB62A26A9990084FE9B /* Assets.xcassets in Resources */ = {isa = PBXBuildFile; fileRef = DCF2DFB52A26A9990084FE9B /* Assets.xcassets */; };
		DCF2DFB92A26A9990084FE9B /* Preview Assets.xcassets in Resources */ = {isa = PBXBuildFile; fileRef = DCF2DFB82A26A9990084FE9B /* Preview Assets.xcassets */; };
		DCF2DFBB2A26A9990084FE9B /* Persistence.swift in Sources */ = {isa = PBXBuildFile; fileRef = DCF2DFBA2A26A9990084FE9B /* Persistence.swift */; };
		DCF2DFBE2A26A9990084FE9B /* PoGoStrings.xcdatamodeld in Sources */ = {isa = PBXBuildFile; fileRef = DCF2DFBC2A26A9990084FE9B /* PoGoStrings.xcdatamodeld */; };
/* End PBXBuildFile section */

/* Begin PBXFileReference section */
		DCF2DFAE2A26A9980084FE9B /* PoGoStrings.app */ = {isa = PBXFileReference; explicitFileType = wrapper.application; includeInIndex = 0; path = PoGoStrings.app; sourceTree = BUILT_PRODUCTS_DIR; };
		DCF2DFB12A26A9980084FE9B /* PoGoStringsApp.swift */ = {isa = PBXFileReference; lastKnownFileType = sourcecode.swift; path = PoGoStringsApp.swift; sourceTree = "<group>"; };
		DCF2DFB32A26A9980084FE9B /* ContentView.swift */ = {isa = PBXFileReference; lastKnownFileType = sourcecode.swift; path = ContentView.swift; sourceTree = "<group>"; };
		DCF2DFB52A26A9990084FE9B /* Assets.xcassets */ = {isa = PBXFileReference; lastKnownFileType = folder.assetcatalog; path = Assets.xcassets; sourceTree = "<group>"; };
		DCF2DFB82A26A9990084FE9B /* Preview Assets.xcassets */ = {isa = PBXFileReference; lastKnownFileType = folder.assetcatalog; path = "Preview Assets.xcassets"; sourceTree = "<group>"; };
		DCF2DFBA2A26A9990084FE9B /* Persistence.swift */ = {isa = PBXFileReference; lastKnownFileType = sourcecode.swift; path = Persistence.swift; sourceTree = "<group>"; };
		DCF2DFBD2A26A9990084FE9B /* PoGoStrings.xcdatamodel */ = {isa = PBXFileReference; lastKnownFileType = wrapper.xcdatamodel; path = PoGoStrings.xcdatamodel; sourceTree = "<group>"; };
/* End PBXFileReference section */

/* Begin PBXFrameworksBuildPhase section */
		DCF2DFAB2A26A9980084FE9B /* Frameworks */ = {
			isa = PBXFrameworksBuildPhase;
			buildActionMask = 2147483647;
			files = (
			);
			runOnlyForDeploymentPostprocessing = 0;
		};
/* End PBXFrameworksBuildPhase section */

/* Begin PBXGroup section */
		DCF2DFA52A26A9970084FE9B = {
			isa = PBXGroup;
			children = (
				DCF2DFB02A26A9980084FE9B /* PoGoStrings */,
				DCF2DFAF2A26A9980084FE9B /* Products */,
			);
			sourceTree = "<group>";
		};
		DCF2DFAF2A26A9980084FE9B /* Products */ = {
			isa = PBXGroup;
			children = (
				DCF2DFAE2A26A9980084FE9B /* PoGoStrings.app */,
			);
			name = Products;
			sourceTree = "<group>";
		};
		DCF2DFB02A26A9980084FE9B /* PoGoStrings */ = {
			isa = PBXGroup;
			children = (
				DCF2DFB12A26A9980084FE9B /* PoGoStringsApp.swift */,
				DCF2DFB32A26A9980084FE9B /* ContentView.swift */,
				DCF2DFB52A26A9990084FE9B /* Assets.xcassets */,
				DCF2DFBA2A26A9990084FE9B /* Persistence.swift */,
				DCF2DFBC2A26A9990084FE9B /* PoGoStrings.xcdatamodeld */,
				DCF2DFB72A26A9990084FE9B /* Preview Content */,
			);
			path = PoGoStrings;
			sourceTree = "<group>";
		};
		DCF2DFB72A26A9990084FE9B /* Preview Content */ = {
			isa = PBXGroup;
			children = (
				DCF2DFB82A26A9990084FE9B /* Preview Assets.xcassets */,
			);
			path = "Preview Content";
			sourceTree = "<group>";
		};
/* End PBXGroup section */

/* Begin PBXNativeTarget section */
		DCF2DFAD2A26A9980084FE9B /* PoGoStrings */ = {
			isa = PBXNativeTarget;
			buildConfigurationList = DCF2DFC12A26A9990084FE9B /* Build configuration list for PBXNativeTarget "PoGoStrings" */;
			buildPhases = (
				DCF2DFAA2A26A9980084FE9B /* Sources */,
				DCF2DFAB2A26A9980084FE9B /* Frameworks */,
				DCF2DFAC2A26A9980084FE9B /* Resources */,
			);
			buildRules = (
			);
			dependencies = (
			);
			name = PoGoStrings;
			productName = PoGoStrings;
			productReference = DCF2DFAE2A26A9980084FE9B /* PoGoStrings.app */;
			productType = "com.apple.product-type.application";
		};
/* End PBXNativeTarget section */

/* Begin PBXProject section */
		DCF2DFA62A26A9970084FE9B /* Project object */ = {
			isa = PBXProject;
			attributes = {
				BuildIndependentTargetsInParallel = 1;
				LastSwiftUpdateCheck = 1430;
				LastUpgradeCheck = 1600;
				TargetAttributes = {
					DCF2DFAD2A26A9980084FE9B = {
						CreatedOnToolsVersion = 14.3;
					};
				};
			};
			buildConfigurationList = DCF2DFA92A26A9970084FE9B /* Build configuration list for PBXProject "PoGoStrings" */;
			developmentRegion = en;
			hasScannedForEncodings = 0;
			knownRegions = (
				en,
				Base,
			);
			mainGroup = DCF2DFA52A26A9970084FE9B;
			preferredProjectObjectVersion = 73;
			productRefGroup = DCF2DFAF2A26A9980084FE9B /* Products */;
			projectDirPath = "";
			projectRoot = "";
			targets = (
				DCF2DFAD2A26A9980084FE9B /* PoGoStrings */,
			);
		};
/* End PBXProject section */

/* Begin PBXResourcesBuildPhase section */
		DCF2DFAC2A26A9980084FE9B /* Resources */ = {
			isa = PBXResourcesBuildPhase;
			buildActionMask = 2147483647;
			files = (
				DCF2DFB92A26A9990084FE9B /* Preview Assets.xcassets in Resources */,
				DCF2DFB62A26A9990084FE9B /* Assets.xcassets in Resources */,
			);
			runOnlyForDeploymentPostprocessing = 0;
		};
/* End PBXResourcesBuildPhase section */

/* Begin PBXSourcesBuildPhase section */
		DCF2DFAA2A26A9980084FE9B /* Sources */ = {
			isa = PBXSourcesBuildPhase;
			buildActionMask = 2147483647;
			files = (
				DCF2DFBB2A26A9990084FE9B /* Persistence.swift in Sources */,
				DCF2DFB42A26A9980084FE9B /* ContentView.swift in Sources */,
				DCF2DFB22A26A9980084FE9B /* PoGoStringsApp.swift in Sources */,
				DCF2DFBE2A26A9990084FE9B /* PoGoStrings.xcdatamodeld in Sources */,
			);
			runOnlyForDeploymentPostprocessing = 0;
		};
/* End PBXSourcesBuildPhase section */

/* Begin XCBuildConfiguration section */
		DCF2DFBF2A26A9990084FE9B /* Debug */ = {
			isa = XCBuildConfiguration;
			buildSettings = {
				ALWAYS_SEARCH_USER_PATHS = NO;
				CLANG_ANALYZER_NONNULL = YES;
				CLANG_ANALYZER_NUMBER_OBJECT_CONVERSION = YES_AGGRESSIVE;
				CLANG_CXX_LANGUAGE_STANDARD = "gnu++20";
				CLANG_ENABLE_MODULES = YES;
				CLANG_ENABLE_OBJC_ARC = YES;
				CLANG_ENABLE_OBJC_WEAK = YES;
				CLANG_WARN_BLOCK_CAPTURE_AUTORELEASING = YES;
				CLANG_WARN_BOOL_CONVERSION = YES;
				CLANG_WARN_COMMA = YES;
				CLANG_WARN_CONSTANT_CONVERSION = YES;
				CLANG_WARN_DEPRECATED_OBJC_IMPLEMENTATIONS = YES;
				CLANG_WARN_DIRECT_OBJC_ISA_USAGE = YES_ERROR;
				CLANG_WARN_DOCUMENTATION_COMMENTS = YES;
				CLANG_WARN_EMPTY_BODY = YES;
				CLANG_WARN_ENUM_CONVERSION = YES;
				CLANG_WARN_INFINITE_RECURSION = YES;
				CLANG_WARN_INT_CONVERSION = YES;
				CLANG_WARN_NON_LITERAL_NULL_CONVERSION = YES;
				CLANG_WARN_OBJC_IMPLICIT_RETAIN_SELF = YES;
				CLANG_WARN_OBJC_LITERAL_CONVERSION = YES;
				CLANG_WARN_OBJC_ROOT_CLASS = YES_ERROR;
				CLANG_WARN_QUOTED_INCLUDE_IN_FRAMEWORK_HEADER = YES;
				CLANG_WARN_RANGE_LOOP_ANALYSIS = YES;
				CLANG_WARN_STRICT_PROTOTYPES = YES;
				CLANG_WARN_SUSPICIOUS_MOVE = YES;
				CLANG_WARN_UNGUARDED_AVAILABILITY = YES_AGGRESSIVE;
				CLANG_WARN_UNREACHABLE_CODE = YES;
				CLANG_WARN__DUPLICATE_METHOD_MATCH = YES;
				COPY_PHASE_STRIP = NO;
				DEBUG_INFORMATION_FORMAT = dwarf;
				ENABLE_STRICT_OBJC_MSGSEND = YES;
				ENABLE_TESTABILITY = YES;
				ENABLE_USER_SCRIPT_SANDBOXING = YES;
				GCC_C_LANGUAGE_STANDARD = gnu11;
				GCC_DYNAMIC_NO_PIC = NO;
				GCC_NO_COMMON_BLOCKS = YES;
				GCC_OPTIMIZATION_LEVEL = 0;
				GCC_PREPROCESSOR_DEFINITIONS = (
					"DEBUG=1",
					"$(inherited)",
				);
				GCC_WARN_64_TO_32_BIT_CONVERSION = YES;
				GCC_WARN_ABOUT_RETURN_TYPE = YES_ERROR;
				GCC_WARN_UNDECLARED_SELECTOR = YES;
				GCC_WARN_UNINITIALIZED_AUTOS = YES_AGGRESSIVE;
				GCC_WARN_UNUSED_FUNCTION = YES;
				GCC_WARN_UNUSED_VARIABLE = YES;
				IPHONEOS_DEPLOYMENT_TARGET = 16.4;
				MTL_ENABLE_DEBUG_INFO = INCLUDE_SOURCE;
				MTL_FAST_MATH = YES;
				ONLY_ACTIVE_ARCH = YES;
				SDKROOT = iphoneos;
				SWIFT_ACTIVE_COMPILATION_CONDITIONS = DEBUG;
				SWIFT_OPTIMIZATION_LEVEL = "-Onone";
			};
			name = Debug;
		};
		DCF2DFC02A26A9990084FE9B /* Release */ = {
			isa = XCBuildConfiguration;
			buildSettings = {
				ALWAYS_SEARCH_USER_PATHS = NO;
				CLANG_ANALYZER_NONNULL = YES;
				CLANG_ANALYZER_NUMBER_OBJECT_CONVERSION = YES_AGGRESSIVE;
				CLANG_CXX_LANGUAGE_STANDARD = "gnu++20";
				CLANG_ENABLE_MODULES = YES;
				CLANG_ENABLE_OBJC_ARC = YES;
				CLANG_ENABLE_OBJC_WEAK = YES;
				CLANG_WARN_BLOCK_CAPTURE_AUTORELEASING = YES;
				CLANG_WARN_BOOL_CONVERSION = YES;
				CLANG_WARN_COMMA = YES;
				CLANG_WARN_CONSTANT_CONVERSION = YES;
				CLANG_WARN_DEPRECATED_OBJC_IMPLEMENTATIONS = YES;
				CLANG_WARN_DIRECT_OBJC_ISA_USAGE = YES_ERROR;
				CLANG_WARN_DOCUMENTATION_COMMENTS = YES;
				CLANG_WARN_EMPTY_BODY = YES;
				CLANG_WARN_ENUM_CONVERSION = YES;
				CLANG_WARN_INFINITE_RECURSION = YES;
				CLANG_WARN_INT_CONVERSION = YES;
				CLANG_WARN_NON_LITERAL_NULL_CONVERSION = YES;
				CLANG_WARN_OBJC_IMPLICIT_RETAIN_SELF = YES;
				CLANG_WARN_OBJC_LITERAL_CONVERSION = YES;
				CLANG_WARN_OBJC_ROOT_CLASS = YES_ERROR;
				CLANG_WARN_QUOTED_INCLUDE_IN_FRAMEWORK_HEADER = YES;
				CLANG_WARN_RANGE_LOOP_ANALYSIS = YES;
				CLANG_WARN_STRICT_PROTOTYPES = YES;
				CLANG_WARN_SUSPICIOUS_MOVE = YES;
				CLANG_WARN_UNGUARDED_AVAILABILITY = YES_AGGRESSIVE;
				CLANG_WARN_UNREACHABLE_CODE = YES;
				CLANG_WARN__DUPLICATE_METHOD_MATCH = YES;
				COPY_PHASE_STRIP = NO;
				DEBUG_INFORMATION_FORMAT = "dwarf-with-dsym";
				ENABLE_NS_ASSERTIONS = NO;
				ENABLE_STRICT_OBJC_MSGSEND = YES;
				ENABLE_USER_SCRIPT_SANDBOXING = YES;
				GCC_C_LANGUAGE_STANDARD = gnu11;
				GCC_NO_COMMON_BLOCKS = YES;
				GCC_WARN_64_TO_32_BIT_CONVERSION = YES;
				GCC_WARN_ABOUT_RETURN_TYPE = YES_ERROR;
				GCC_WARN_UNDECLARED_SELECTOR = YES;
				GCC_WARN_UNINITIALIZED_AUTOS = YES_AGGRESSIVE;
				GCC_WARN_UNUSED_FUNCTION = YES;
				GCC_WARN_UNUSED_VARIABLE = YES;
				IPHONEOS_DEPLOYMENT_TARGET = 16.4;
				MTL_ENABLE_DEBUG_INFO = NO;
				MTL_FAST_MATH = YES;
				SDKROOT = iphoneos;
				SWIFT_COMPILATION_MODE = wholemodule;
				SWIFT_OPTIMIZATION_LEVEL = "-O";
				VALIDATE_PRODUCT = YES;
			};
			name = Release;
		};
		DCF2DFC22A26A9990084FE9B /* Debug */ = {
			isa = XCBuildConfiguration;
			buildSettings = {
				ASSETCATALOG_COMPILER_APPICON_NAME = AppIcon;
				ASSETCATALOG_COMPILER_GLOBAL_ACCENT_COLOR_NAME = AccentColor;
				CODE_SIGN_STYLE = Automatic;
				CURRENT_PROJECT_VERSION = 1;
				DEVELOPMENT_ASSET_PATHS = "\"PoGoStrings/Preview Content\"";
				DEVELOPMENT_TEAM = 37B5GCGUK3;
				ENABLE_PREVIEWS = YES;
				GENERATE_INFOPLIST_FILE = YES;
				INFOPLIST_KEY_UIApplicationSceneManifest_Generation = YES;
				INFOPLIST_KEY_UIApplicationSupportsIndirectInputEvents = YES;
				INFOPLIST_KEY_UILaunchScreen_Generation = YES;
				INFOPLIST_KEY_UISupportedInterfaceOrientations_iPad = "UIInterfaceOrientationPortrait UIInterfaceOrientationPortraitUpsideDown UIInterfaceOrientationLandscapeLeft UIInterfaceOrientationLandscapeRight";
				INFOPLIST_KEY_UISupportedInterfaceOrientations_iPhone = "UIInterfaceOrientationPortrait UIInterfaceOrientationLandscapeLeft UIInterfaceOrientationLandscapeRight";
				LD_RUNPATH_SEARCH_PATHS = (
					"$(inherited)",
					"@executable_path/Frameworks",
				);
				MARKETING_VERSION = 1.0;
				PRODUCT_BUNDLE_IDENTIFIER = ca.avendor.PoGoStrings;
				PRODUCT_NAME = "$(TARGET_NAME)";
				SWIFT_EMIT_LOC_STRINGS = YES;
				SWIFT_VERSION = 6.0;
				TARGETED_DEVICE_FAMILY = "1,2";
			};
			name = Debug;
		};
		DCF2DFC32A26A9990084FE9B /* Release */ = {
			isa = XCBuildConfiguration;
			buildSettings = {
				ASSETCATALOG_COMPILER_APPICON_NAME = AppIcon;
				ASSETCATALOG_COMPILER_GLOBAL_ACCENT_COLOR_NAME = AccentColor;
				CODE_SIGN_STYLE = Automatic;
				CURRENT_PROJECT_VERSION = 1;
				DEVELOPMENT_ASSET_PATHS = "\"PoGoStrings/Preview Content\"";
				DEVELOPMENT_TEAM = 37B5GCGUK3;
				ENABLE_PREVIEWS = YES;
				GENERATE_INFOPLIST_FILE = YES;
				INFOPLIST_KEY_UIApplicationSceneManifest_Generation = YES;
				INFOPLIST_KEY_UIApplicationSupportsIndirectInputEvents = YES;
				INFOPLIST_KEY_UILaunchScreen_Generation = YES;
				INFOPLIST_KEY_UISupportedInterfaceOrientations_iPad = "UIInterfaceOrientationPortrait UIInterfaceOrientationPortraitUpsideDown UIInterfaceOrientationLandscapeLeft UIInterfaceOrientationLandscapeRight";
				INFOPLIST_KEY_UISupportedInterfaceOrientations_iPhone = "UIInterfaceOrientationPortrait UIInterfaceOrientationLandscapeLeft UIInterfaceOrientationLandscapeRight";
				LD_RUNPATH_SEARCH_PATHS = (
					"$(inherited)",
					"@executable_path/Frameworks",
				);
				MARKETING_VERSION = 1.0;
				PRODUCT_BUNDLE_IDENTIFIER = ca.avendor.PoGoStrings;
				PRODUCT_NAME = "$(TARGET_NAME)";
				SWIFT_EMIT_LOC_STRINGS = YES;
				SWIFT_VERSION = 6.0;
				TARGETED_DEVICE_FAMILY = "1,2";
			};
			name = Release;
		};
/* End XCBuildConfiguration section */

/* Begin XCConfigurationList section */
		DCF2DFA92A26A9970084FE9B /* Build configuration list for PBXProject "PoGoStrings" */ = {
			isa = XCConfigurationList;
			buildConfigurations = (
				DCF2DFBF2A26A9990084FE9B /* Debug */,
				DCF2DFC02A26A9990084FE9B /* Release */,
			);
			defaultConfigurationIsVisible = 0;
			defaultConfigurationName = Release;
		};
		DCF2DFC12A26A9990084FE9B /* Build configuration list for PBXNativeTarget "PoGoStrings" */ = {
			isa = XCConfigurationList;
			buildConfigurations = (
				DCF2DFC22A26A9990084FE9B /* Debug */,
				DCF2DFC32A26A9990084FE9B /* Release */,
			);
			defaultConfigurationIsVisible = 0;
			defaultConfigurationName = Release;
		};
/* End XCConfigurationList section */

/* Begin XCVersionGroup section */
		DCF2DFBC2A26A9990084FE9B /* PoGoStrings.xcdatamodeld */ = {
			isa = XCVersionGroup;
			children = (
				DCF2DFBD2A26A9990084FE9B /* PoGoStrings.xcdatamodel */,
			);
			currentVersion = DCF2DFBD2A26A9990084FE9B /* PoGoStrings.xcdatamodel */;
			path = PoGoStrings.xcdatamodeld;
			sourceTree = "<group>";
			versionGroupType = wrapper.xcdatamodel;
		};
/* End XCVersionGroup section */
	};
	rootObject = DCF2DFA62A26A9970084FE9B /* Project object */;
}
